{
  "nodes": {
    "nixpkgs": {
      "locked": {
        "lastModified": 1697239051,
        "narHash": "sha256-TvKERJH5h470GWyTOgEKzxdBz9tjQdSGlAFDbHhAI7g=",
        "owner": "nixos",
        "repo": "nixpkgs",
        "rev": "e0c8b6f719e911224906f3c059208a7f0e3441c7",
        "type": "github"
      },
      "original": {
        "owner": "nixos",
        "repo": "nixpkgs",
        "type": "github"
      }
    },
    "root": {
      "inputs": {
        "nixpkgs": "nixpkgs"
      }
    }
  },
  "root": "root",
  "version": 7
}
