{
  "nodes": {
    "nixpkgs-lib": {
      "locked": {
        "lastModified": 1673743903,
        "narHash": "sha256-sloY6KYyVOozJ1CkbgJPpZ99TKIjIvM+04V48C04sMQ=",
        "owner": "nix-community",
        "repo": "nixpkgs.lib",
        "rev": "7555e2dfcbac1533f047021f1744ac8871150f9f",
        "type": "github"
      },
      "original": {
        "owner": "nix-community",
        "repo": "nixpkgs.lib",
        "type": "github"
      }
    },
    "root": {
      "inputs": {
        "nixpkgs-lib": "nixpkgs-lib"
      }
    }
  },
  "root": "root",
  "version": 7
}
